// !$*UTF8*$!
{
	archiveVersion = 1;
	classes = {
	};
	objectVersion = 46;
	objects = {

/* Begin PBXBuildFile section */
		1B5A04214B66B18368DE2E52 /* Pods_extandableView_test.framework in Frameworks */ = {isa = PBXBuildFile; fileRef = F604AF408664A8B8FD04B126 /* Pods_extandableView_test.framework */; };
		C9F9B4801DB40981003220BD /* AppDelegate.swift in Sources */ = {isa = PBXBuildFile; fileRef = C9F9B47F1DB40981003220BD /* AppDelegate.swift */; };
		C9F9B4821DB40981003220BD /* ViewController.swift in Sources */ = {isa = PBXBuildFile; fileRef = C9F9B4811DB40981003220BD /* ViewController.swift */; };
		C9F9B4851DB40981003220BD /* Main.storyboard in Resources */ = {isa = PBXBuildFile; fileRef = C9F9B4831DB40981003220BD /* Main.storyboard */; };
		C9F9B4881DB40981003220BD /* extandableView_test.xcdatamodeld in Sources */ = {isa = PBXBuildFile; fileRef = C9F9B4861DB40981003220BD /* extandableView_test.xcdatamodeld */; };
		C9F9B48A1DB40981003220BD /* Assets.xcassets in Resources */ = {isa = PBXBuildFile; fileRef = C9F9B4891DB40981003220BD /* Assets.xcassets */; };
		C9F9B48D1DB40981003220BD /* LaunchScreen.storyboard in Resources */ = {isa = PBXBuildFile; fileRef = C9F9B48B1DB40981003220BD /* LaunchScreen.storyboard */; };
		C9F9B4951DB41034003220BD /* MoveableView.swift in Sources */ = {isa = PBXBuildFile; fileRef = C9F9B4941DB41034003220BD /* MoveableView.swift */; };
/* End PBXBuildFile section */

/* Begin PBXFileReference section */
		8D5CB06EF32C5868C1D7D5EA /* Pods-extandableView-test.debug.xcconfig */ = {isa = PBXFileReference; includeInIndex = 1; lastKnownFileType = text.xcconfig; name = "Pods-extandableView-test.debug.xcconfig"; path = "Pods/Target Support Files/Pods-extandableView-test/Pods-extandableView-test.debug.xcconfig"; sourceTree = "<group>"; };
		A3FE38C949B561C8BFB178A2 /* Pods-extandableView-test.release.xcconfig */ = {isa = PBXFileReference; includeInIndex = 1; lastKnownFileType = text.xcconfig; name = "Pods-extandableView-test.release.xcconfig"; path = "Pods/Target Support Files/Pods-extandableView-test/Pods-extandableView-test.release.xcconfig"; sourceTree = "<group>"; };
		C9F9B47C1DB40981003220BD /* extandableView-test.app */ = {isa = PBXFileReference; explicitFileType = wrapper.application; includeInIndex = 0; path = "extandableView-test.app"; sourceTree = BUILT_PRODUCTS_DIR; };
		C9F9B47F1DB40981003220BD /* AppDelegate.swift */ = {isa = PBXFileReference; lastKnownFileType = sourcecode.swift; path = AppDelegate.swift; sourceTree = "<group>"; };
		C9F9B4811DB40981003220BD /* ViewController.swift */ = {isa = PBXFileReference; lastKnownFileType = sourcecode.swift; path = ViewController.swift; sourceTree = "<group>"; };
		C9F9B4841DB40981003220BD /* Base */ = {isa = PBXFileReference; lastKnownFileType = file.storyboard; name = Base; path = Base.lproj/Main.storyboard; sourceTree = "<group>"; };
		C9F9B4871DB40981003220BD /* extandableView_test.xcdatamodel */ = {isa = PBXFileReference; lastKnownFileType = wrapper.xcdatamodel; path = extandableView_test.xcdatamodel; sourceTree = "<group>"; };
		C9F9B4891DB40981003220BD /* Assets.xcassets */ = {isa = PBXFileReference; lastKnownFileType = folder.assetcatalog; path = Assets.xcassets; sourceTree = "<group>"; };
		C9F9B48C1DB40981003220BD /* Base */ = {isa = PBXFileReference; lastKnownFileType = file.storyboard; name = Base; path = Base.lproj/LaunchScreen.storyboard; sourceTree = "<group>"; };
		C9F9B48E1DB40981003220BD /* Info.plist */ = {isa = PBXFileReference; lastKnownFileType = text.plist.xml; path = Info.plist; sourceTree = "<group>"; };
		C9F9B4941DB41034003220BD /* MoveableView.swift */ = {isa = PBXFileReference; fileEncoding = 4; lastKnownFileType = sourcecode.swift; path = MoveableView.swift; sourceTree = "<group>"; };
		F604AF408664A8B8FD04B126 /* Pods_extandableView_test.framework */ = {isa = PBXFileReference; explicitFileType = wrapper.framework; includeInIndex = 0; path = Pods_extandableView_test.framework; sourceTree = BUILT_PRODUCTS_DIR; };
/* End PBXFileReference section */

/* Begin PBXFrameworksBuildPhase section */
		C9F9B4791DB40981003220BD /* Frameworks */ = {
			isa = PBXFrameworksBuildPhase;
			buildActionMask = 2147483647;
			files = (
				1B5A04214B66B18368DE2E52 /* Pods_extandableView_test.framework in Frameworks */,
			);
			runOnlyForDeploymentPostprocessing = 0;
		};
/* End PBXFrameworksBuildPhase section */

/* Begin PBXGroup section */
		134656BD2AE9DC035D26BD1C /* Frameworks */ = {
			isa = PBXGroup;
			children = (
				F604AF408664A8B8FD04B126 /* Pods_extandableView_test.framework */,
			);
			name = Frameworks;
			sourceTree = "<group>";
		};
		2D4D92A477A34B0F26BF8159 /* Pods */ = {
			isa = PBXGroup;
			children = (
				8D5CB06EF32C5868C1D7D5EA /* Pods-extandableView-test.debug.xcconfig */,
				A3FE38C949B561C8BFB178A2 /* Pods-extandableView-test.release.xcconfig */,
			);
			name = Pods;
			sourceTree = "<group>";
		};
		C9F9B4731DB40981003220BD = {
			isa = PBXGroup;
			children = (
				C9F9B47E1DB40981003220BD /* extandableView-test */,
				C9F9B47D1DB40981003220BD /* Products */,
				2D4D92A477A34B0F26BF8159 /* Pods */,
				134656BD2AE9DC035D26BD1C /* Frameworks */,
			);
			sourceTree = "<group>";
		};
		C9F9B47D1DB40981003220BD /* Products */ = {
			isa = PBXGroup;
			children = (
				C9F9B47C1DB40981003220BD /* extandableView-test.app */,
			);
			name = Products;
			sourceTree = "<group>";
		};
		C9F9B47E1DB40981003220BD /* extandableView-test */ = {
			isa = PBXGroup;
			children = (
				C9F9B47F1DB40981003220BD /* AppDelegate.swift */,
				C9F9B4811DB40981003220BD /* ViewController.swift */,
				C9F9B4831DB40981003220BD /* Main.storyboard */,
				C9F9B4891DB40981003220BD /* Assets.xcassets */,
				C9F9B48B1DB40981003220BD /* LaunchScreen.storyboard */,
				C9F9B48E1DB40981003220BD /* Info.plist */,
				C9F9B4861DB40981003220BD /* extandableView_test.xcdatamodeld */,
				C9F9B4941DB41034003220BD /* MoveableView.swift */,
			);
			path = "extandableView-test";
			sourceTree = "<group>";
		};
/* End PBXGroup section */

/* Begin PBXNativeTarget section */
		C9F9B47B1DB40981003220BD /* extandableView-test */ = {
			isa = PBXNativeTarget;
			buildConfigurationList = C9F9B4911DB40981003220BD /* Build configuration list for PBXNativeTarget "extandableView-test" */;
			buildPhases = (
				31A9539F7F1EB993B8782B88 /* [CP] Check Pods Manifest.lock */,
				C9F9B4781DB40981003220BD /* Sources */,
				C9F9B4791DB40981003220BD /* Frameworks */,
				C9F9B47A1DB40981003220BD /* Resources */,
				48DE073871101995A3949A2B /* [CP] Embed Pods Frameworks */,
				7BBFD50EA09F43312898AC8F /* [CP] Copy Pods Resources */,
			);
			buildRules = (
			);
			dependencies = (
			);
			name = "extandableView-test";
			productName = "extandableView-test";
			productReference = C9F9B47C1DB40981003220BD /* extandableView-test.app */;
			productType = "com.apple.product-type.application";
		};
/* End PBXNativeTarget section */

/* Begin PBXProject section */
		C9F9B4741DB40981003220BD /* Project object */ = {
			isa = PBXProject;
			attributes = {
				LastSwiftUpdateCheck = 0800;
				LastUpgradeCheck = 0800;
				ORGANIZATIONNAME = "Robin Somlette";
				TargetAttributes = {
					C9F9B47B1DB40981003220BD = {
						CreatedOnToolsVersion = 8.0;
						DevelopmentTeam = 39G6E8R4RS;
						ProvisioningStyle = Automatic;
					};
				};
			};
			buildConfigurationList = C9F9B4771DB40981003220BD /* Build configuration list for PBXProject "extandableView-test" */;
			compatibilityVersion = "Xcode 3.2";
			developmentRegion = English;
			hasScannedForEncodings = 0;
			knownRegions = (
				en,
				Base,
			);
			mainGroup = C9F9B4731DB40981003220BD;
			productRefGroup = C9F9B47D1DB40981003220BD /* Products */;
			projectDirPath = "";
			projectRoot = "";
			targets = (
				C9F9B47B1DB40981003220BD /* extandableView-test */,
			);
		};
/* End PBXProject section */

/* Begin PBXResourcesBuildPhase section */
		C9F9B47A1DB40981003220BD /* Resources */ = {
			isa = PBXResourcesBuildPhase;
			buildActionMask = 2147483647;
			files = (
				C9F9B48D1DB40981003220BD /* LaunchScreen.storyboard in Resources */,
				C9F9B48A1DB40981003220BD /* Assets.xcassets in Resources */,
				C9F9B4851DB40981003220BD /* Main.storyboard in Resources */,
			);
			runOnlyForDeploymentPostprocessing = 0;
		};
/* End PBXResourcesBuildPhase section */

/* Begin PBXShellScriptBuildPhase section */
		31A9539F7F1EB993B8782B88 /* [CP] Check Pods Manifest.lock */ = {
			isa = PBXShellScriptBuildPhase;
			buildActionMask = 2147483647;
			files = (
			);
			inputPaths = (
			);
			name = "[CP] Check Pods Manifest.lock";
			outputPaths = (
			);
			runOnlyForDeploymentPostprocessing = 0;
			shellPath = /bin/sh;
			shellScript = "diff \"${PODS_ROOT}/../Podfile.lock\" \"${PODS_ROOT}/Manifest.lock\" > /dev/null\nif [ $? != 0 ] ; then\n    # print error to STDERR\n    echo \"error: The sandbox is not in sync with the Podfile.lock. Run 'pod install' or update your CocoaPods installation.\" >&2\n    exit 1\nfi\n";
			showEnvVarsInLog = 0;
		};
		48DE073871101995A3949A2B /* [CP] Embed Pods Frameworks */ = {
			isa = PBXShellScriptBuildPhase;
			buildActionMask = 2147483647;
			files = (
			);
			inputPaths = (
			);
			name = "[CP] Embed Pods Frameworks";
			outputPaths = (
			);
			runOnlyForDeploymentPostprocessing = 0;
			shellPath = /bin/sh;
			shellScript = "\"${SRCROOT}/Pods/Target Support Files/Pods-extandableView-test/Pods-extandableView-test-frameworks.sh\"\n";
			showEnvVarsInLog = 0;
		};
		7BBFD50EA09F43312898AC8F /* [CP] Copy Pods Resources */ = {
			isa = PBXShellScriptBuildPhase;
			buildActionMask = 2147483647;
			files = (
			);
			inputPaths = (
			);
			name = "[CP] Copy Pods Resources";
			outputPaths = (
			);
			runOnlyForDeploymentPostprocessing = 0;
			shellPath = /bin/sh;
			shellScript = "\"${SRCROOT}/Pods/Target Support Files/Pods-extandableView-test/Pods-extandableView-test-resources.sh\"\n";
			showEnvVarsInLog = 0;
		};
/* End PBXShellScriptBuildPhase section */

/* Begin PBXSourcesBuildPhase section */
		C9F9B4781DB40981003220BD /* Sources */ = {
			isa = PBXSourcesBuildPhase;
			buildActionMask = 2147483647;
			files = (
				C9F9B4821DB40981003220BD /* ViewController.swift in Sources */,
				C9F9B4881DB40981003220BD /* extandableView_test.xcdatamodeld in Sources */,
				C9F9B4801DB40981003220BD /* AppDelegate.swift in Sources */,
				C9F9B4951DB41034003220BD /* MoveableView.swift in Sources */,
			);
			runOnlyForDeploymentPostprocessing = 0;
		};
/* End PBXSourcesBuildPhase section */

/* Begin PBXVariantGroup section */
		C9F9B4831DB40981003220BD /* Main.storyboard */ = {
			isa = PBXVariantGroup;
			children = (
				C9F9B4841DB40981003220BD /* Base */,
			);
			name = Main.storyboard;
			sourceTree = "<group>";
		};
		C9F9B48B1DB40981003220BD /* LaunchScreen.storyboard */ = {
			isa = PBXVariantGroup;
			children = (
				C9F9B48C1DB40981003220BD /* Base */,
			);
			name = LaunchScreen.storyboard;
			sourceTree = "<group>";
		};
/* End PBXVariantGroup section */

/* Begin XCBuildConfiguration section */
		C9F9B48F1DB40981003220BD /* Debug */ = {
			isa = XCBuildConfiguration;
			buildSettings = {
				ALWAYS_SEARCH_USER_PATHS = NO;
				CLANG_ANALYZER_NONNULL = YES;
				CLANG_CXX_LANGUAGE_STANDARD = "gnu++0x";
				CLANG_CXX_LIBRARY = "libc++";
				CLANG_ENABLE_MODULES = YES;
				CLANG_ENABLE_OBJC_ARC = YES;
				CLANG_WARN_BOOL_CONVERSION = YES;
				CLANG_WARN_CONSTANT_CONVERSION = YES;
				CLANG_WARN_DIRECT_OBJC_ISA_USAGE = YES_ERROR;
				CLANG_WARN_DOCUMENTATION_COMMENTS = YES;
				CLANG_WARN_EMPTY_BODY = YES;
				CLANG_WARN_ENUM_CONVERSION = YES;
				CLANG_WARN_INFINITE_RECURSION = YES;
				CLANG_WARN_INT_CONVERSION = YES;
				CLANG_WARN_OBJC_ROOT_CLASS = YES_ERROR;
				CLANG_WARN_SUSPICIOUS_MOVES = YES;
				CLANG_WARN_UNREACHABLE_CODE = YES;
				CLANG_WARN__DUPLICATE_METHOD_MATCH = YES;
				"CODE_SIGN_IDENTITY[sdk=iphoneos*]" = "iPhone Developer";
				COPY_PHASE_STRIP = NO;
				DEBUG_INFORMATION_FORMAT = dwarf;
				ENABLE_STRICT_OBJC_MSGSEND = YES;
				ENABLE_TESTABILITY = YES;
				GCC_C_LANGUAGE_STANDARD = gnu99;
				GCC_DYNAMIC_NO_PIC = NO;
				GCC_NO_COMMON_BLOCKS = YES;
				GCC_OPTIMIZATION_LEVEL = 0;
				GCC_PREPROCESSOR_DEFINITIONS = (
					"DEBUG=1",
					"$(inherited)",
				);
				GCC_WARN_64_TO_32_BIT_CONVERSION = YES;
				GCC_WARN_ABOUT_RETURN_TYPE = YES_ERROR;
				GCC_WARN_UNDECLARED_SELECTOR = YES;
				GCC_WARN_UNINITIALIZED_AUTOS = YES_AGGRESSIVE;
				GCC_WARN_UNUSED_FUNCTION = YES;
				GCC_WARN_UNUSED_VARIABLE = YES;
				IPHONEOS_DEPLOYMENT_TARGET = 10.0;
				MTL_ENABLE_DEBUG_INFO = YES;
				ONLY_ACTIVE_ARCH = YES;
				SDKROOT = iphoneos;
				SWIFT_ACTIVE_COMPILATION_CONDITIONS = DEBUG;
				SWIFT_OPTIMIZATION_LEVEL = "-Onone";
				TARGETED_DEVICE_FAMILY = "1,2";
			};
			name = Debug;
		};
		C9F9B4901DB40981003220BD /* Release */ = {
			isa = XCBuildConfiguration;
			buildSettings = {
				ALWAYS_SEARCH_USER_PATHS = NO;
				CLANG_ANALYZER_NONNULL = YES;
				CLANG_CXX_LANGUAGE_STANDARD = "gnu++0x";
				CLANG_CXX_LIBRARY = "libc++";
				CLANG_ENABLE_MODULES = YES;
				CLANG_ENABLE_OBJC_ARC = YES;
				CLANG_WARN_BOOL_CONVERSION = YES;
				CLANG_WARN_CONSTANT_CONVERSION = YES;
				CLANG_WARN_DIRECT_OBJC_ISA_USAGE = YES_ERROR;
				CLANG_WARN_DOCUMENTATION_COMMENTS = YES;
				CLANG_WARN_EMPTY_BODY = YES;
				CLANG_WARN_ENUM_CONVERSION = YES;
				CLANG_WARN_INFINITE_RECURSION = YES;
				CLANG_WARN_INT_CONVERSION = YES;
				CLANG_WARN_OBJC_ROOT_CLASS = YES_ERROR;
				CLANG_WARN_SUSPICIOUS_MOVES = YES;
				CLANG_WARN_UNREACHABLE_CODE = YES;
				CLANG_WARN__DUPLICATE_METHOD_MATCH = YES;
				"CODE_SIGN_IDENTITY[sdk=iphoneos*]" = "iPhone Developer";
				COPY_PHASE_STRIP = NO;
				DEBUG_INFORMATION_FORMAT = "dwarf-with-dsym";
				ENABLE_NS_ASSERTIONS = NO;
				ENABLE_STRICT_OBJC_MSGSEND = YES;
				GCC_C_LANGUAGE_STANDARD = gnu99;
				GCC_NO_COMMON_BLOCKS = YES;
				GCC_WARN_64_TO_32_BIT_CONVERSION = YES;
				GCC_WARN_ABOUT_RETURN_TYPE = YES_ERROR;
				GCC_WARN_UNDECLARED_SELECTOR = YES;
				GCC_WARN_UNINITIALIZED_AUTOS = YES_AGGRESSIVE;
				GCC_WARN_UNUSED_FUNCTION = YES;
				GCC_WARN_UNUSED_VARIABLE = YES;
				IPHONEOS_DEPLOYMENT_TARGET = 10.0;
				MTL_ENABLE_DEBUG_INFO = NO;
				SDKROOT = iphoneos;
				SWIFT_OPTIMIZATION_LEVEL = "-Owholemodule";
				TARGETED_DEVICE_FAMILY = "1,2";
				VALIDATE_PRODUCT = YES;
			};
			name = Release;
		};
		C9F9B4921DB40981003220BD /* Debug */ = {
			isa = XCBuildConfiguration;
			baseConfigurationReference = 8D5CB06EF32C5868C1D7D5EA /* Pods-extandableView-test.debug.xcconfig */;
			buildSettings = {
				ASSETCATALOG_COMPILER_APPICON_NAME = AppIcon;
				CODE_SIGN_IDENTITY = "iPhone Developer";
				"CODE_SIGN_IDENTITY[sdk=iphoneos*]" = "iPhone Developer";
				DEVELOPMENT_TEAM = 39G6E8R4RS;
				INFOPLIST_FILE = "extandableView-test/Info.plist";
				LD_RUNPATH_SEARCH_PATHS = "$(inherited) @executable_path/Frameworks";
				PRODUCT_BUNDLE_IDENTIFIER = "com.somlette.robin.extandableView-test";
				PRODUCT_NAME = "$(TARGET_NAME)";
				SWIFT_VERSION = 3.0;
			};
			name = Debug;
		};
		C9F9B4931DB40981003220BD /* Release */ = {
			isa = XCBuildConfiguration;
			baseConfigurationReference = A3FE38C949B561C8BFB178A2 /* Pods-extandableView-test.release.xcconfig */;
			buildSettings = {
				ASSETCATALOG_COMPILER_APPICON_NAME = AppIcon;
				CODE_SIGN_IDENTITY = "iPhone Developer";
				"CODE_SIGN_IDENTITY[sdk=iphoneos*]" = "iPhone Developer";
				DEVELOPMENT_TEAM = 39G6E8R4RS;
				INFOPLIST_FILE = "extandableView-test/Info.plist";
				LD_RUNPATH_SEARCH_PATHS = "$(inherited) @executable_path/Frameworks";
				PRODUCT_BUNDLE_IDENTIFIER = "com.somlette.robin.extandableView-test";
				PRODUCT_NAME = "$(TARGET_NAME)";
				SWIFT_VERSION = 3.0;
			};
			name = Release;
		};
/* End XCBuildConfiguration section */

/* Begin XCConfigurationList section */
		C9F9B4771DB40981003220BD /* Build configuration list for PBXProject "extandableView-test" */ = {
			isa = XCConfigurationList;
			buildConfigurations = (
				C9F9B48F1DB40981003220BD /* Debug */,
				C9F9B4901DB40981003220BD /* Release */,
			);
			defaultConfigurationIsVisible = 0;
			defaultConfigurationName = Release;
		};
		C9F9B4911DB40981003220BD /* Build configuration list for PBXNativeTarget "extandableView-test" */ = {
			isa = XCConfigurationList;
			buildConfigurations = (
				C9F9B4921DB40981003220BD /* Debug */,
				C9F9B4931DB40981003220BD /* Release */,
			);
			defaultConfigurationIsVisible = 0;
			defaultConfigurationName = Release;
		};
/* End XCConfigurationList section */

/* Begin XCVersionGroup section */
		C9F9B4861DB40981003220BD /* extandableView_test.xcdatamodeld */ = {
			isa = XCVersionGroup;
			children = (
				C9F9B4871DB40981003220BD /* extandableView_test.xcdatamodel */,
			);
			currentVersion = C9F9B4871DB40981003220BD /* extandableView_test.xcdatamodel */;
			path = extandableView_test.xcdatamodeld;
			sourceTree = "<group>";
			versionGroupType = wrapper.xcdatamodel;
		};
/* End XCVersionGroup section */
	};
	rootObject = C9F9B4741DB40981003220BD /* Project object */;
}
